{
  "name": "dev-web-projet-carte",
  "version": "1.0.0",
  "lockfileVersion": 2,
  "requires": true,
  "packages": {
    "": {
      "name": "dev-web-projet-carte",
      "version": "1.0.0",
      "license": "ISC",
      "dependencies": {
        "bootstrap": "^5.3.2",
        "leaflet": "^1.9.4",
        "mapbox": "^1.0.0-beta10"
      }
    },
    "node_modules/@popperjs/core": {
      "version": "2.11.8",
      "resolved": "https://registry.npmjs.org/@popperjs/core/-/core-2.11.8.tgz",
      "integrity": "sha512-P1st0aksCrn9sGZhp8GMYwBnQsbvAWsZAX44oXNNvLHGqAOcoVxmjZiohstwQ7SqKnbR47akdNi+uleWD8+g6A==",
      "peer": true,
      "funding": {
        "type": "opencollective",
        "url": "https://opencollective.com/popperjs"
      }
    },
    "node_modules/bootstrap": {
      "version": "5.3.2",
      "resolved": "https://registry.npmjs.org/bootstrap/-/bootstrap-5.3.2.tgz",
      "integrity": "sha512-D32nmNWiQHo94BKHLmOrdjlL05q1c8oxbtBphQFb9Z5to6eGRDCm0QgeaZ4zFBHzfg2++rqa2JkqCcxDy0sH0g==",
      "funding": [
        {
          "type": "github",
          "url": "https://github.com/sponsors/twbs"
        },
        {
          "type": "opencollective",
          "url": "https://opencollective.com/bootstrap"
        }
      ],
      "peerDependencies": {
        "@popperjs/core": "^2.11.8"
      }
    },
    "node_modules/es6-promise": {
      "version": "4.2.8",
      "resolved": "https://registry.npmjs.org/es6-promise/-/es6-promise-4.2.8.tgz",
      "integrity": "sha512-HJDGx5daxeIvxdBxvG2cb9g4tEvwIk3i8+nhX0yGrYmZUzbkdg8QbDevheDB8gd0//uPj4c1EQua8Q+MViT0/w=="
    },
    "node_modules/leaflet": {
      "version": "1.9.4",
      "resolved": "https://registry.npmjs.org/leaflet/-/leaflet-1.9.4.tgz",
      "integrity": "sha512-nxS1ynzJOmOlHp+iL3FyWqK89GtNL8U8rvlMOsQdTTssxZwCXh8N2NB3GDQOL+YR3XnWyZAxwQixURb+FA74PA=="
    },
    "node_modules/mapbox": {
      "version": "1.0.0-beta10",
      "resolved": "https://registry.npmjs.org/mapbox/-/mapbox-1.0.0-beta10.tgz",
      "integrity": "sha512-2goOXWE4r7dIYlol0xrReJD1s4l8rTBVTQ2/pcZv5tLnxPWIh8RT3cEDN3cDzDQMpsbQhgNgd7icRZSBL9WkxQ==",
      "dependencies": {
        "es6-promise": "^4.0.5",
        "rest": "^2.0.0"
      }
    },
    "node_modules/rest": {
      "version": "2.0.0",
      "resolved": "https://registry.npmjs.org/rest/-/rest-2.0.0.tgz",
      "integrity": "sha512-MmTKuTuLVARHNnpL1jJjohscJcY3vsaKNz+b2J5v32BcjIVyimKrNv8r8uygeFp9gf8Cm1erhxypdzRFFEPZOA=="
    }
  },
  "dependencies": {
    "@popperjs/core": {
      "version": "2.11.8",
      "resolved": "https://registry.npmjs.org/@popperjs/core/-/core-2.11.8.tgz",
      "integrity": "sha512-P1st0aksCrn9sGZhp8GMYwBnQsbvAWsZAX44oXNNvLHGqAOcoVxmjZiohstwQ7SqKnbR47akdNi+uleWD8+g6A==",
      "peer": true
    },
    "bootstrap": {
      "version": "5.3.2",
      "resolved": "https://registry.npmjs.org/bootstrap/-/bootstrap-5.3.2.tgz",
      "integrity": "sha512-D32nmNWiQHo94BKHLmOrdjlL05q1c8oxbtBphQFb9Z5to6eGRDCm0QgeaZ4zFBHzfg2++rqa2JkqCcxDy0sH0g==",
      "requires": {}
    },
    "es6-promise": {
      "version": "4.2.8",
      "resolved": "https://registry.npmjs.org/es6-promise/-/es6-promise-4.2.8.tgz",
      "integrity": "sha512-HJDGx5daxeIvxdBxvG2cb9g4tEvwIk3i8+nhX0yGrYmZUzbkdg8QbDevheDB8gd0//uPj4c1EQua8Q+MViT0/w=="
    },
    "leaflet": {
      "version": "1.9.4",
      "resolved": "https://registry.npmjs.org/leaflet/-/leaflet-1.9.4.tgz",
      "integrity": "sha512-nxS1ynzJOmOlHp+iL3FyWqK89GtNL8U8rvlMOsQdTTssxZwCXh8N2NB3GDQOL+YR3XnWyZAxwQixURb+FA74PA=="
    },
    "mapbox": {
      "version": "1.0.0-beta10",
      "resolved": "https://registry.npmjs.org/mapbox/-/mapbox-1.0.0-beta10.tgz",
      "integrity": "sha512-2goOXWE4r7dIYlol0xrReJD1s4l8rTBVTQ2/pcZv5tLnxPWIh8RT3cEDN3cDzDQMpsbQhgNgd7icRZSBL9WkxQ==",
      "requires": {
        "es6-promise": "^4.0.5",
        "rest": "^2.0.0"
      }
    },
    "rest": {
      "version": "2.0.0",
      "resolved": "https://registry.npmjs.org/rest/-/rest-2.0.0.tgz",
      "integrity": "sha512-MmTKuTuLVARHNnpL1jJjohscJcY3vsaKNz+b2J5v32BcjIVyimKrNv8r8uygeFp9gf8Cm1erhxypdzRFFEPZOA=="
    }
  }
}
